
Microsoft Visual Studio Solution File, Format Version 12.00
# Visual Studio Version 16
VisualStudioVersion = 16.0.31229.75
MinimumVisualStudioVersion = 10.0.40219.1
Project("{FAE04EC0-301F-11D3-BF4B-00C04F79EFBC}") = "Av.SubTCSE.Projeto.API", "Av.SubTCSE.Projeto.API\Av.SubTCSE.Projeto.API.csproj", "{40496D07-B009-4272-AAB4-0B6A67EBA5C5}"
EndProject
Global
	GlobalSection(SolutionConfigurationPlatforms) = preSolution
		Debug|Any CPU = Debug|Any CPU
		Release|Any CPU = Release|Any CPU
	EndGlobalSection
	GlobalSection(ProjectConfigurationPlatforms) = postSolution
		{40496D07-B009-4272-AAB4-0B6A67EBA5C5}.Debug|Any CPU.ActiveCfg = Debug|Any CPU
		{40496D07-B009-4272-AAB4-0B6A67EBA5C5}.Debug|Any CPU.Build.0 = Debug|Any CPU
		{40496D07-B009-4272-AAB4-0B6A67EBA5C5}.Release|Any CPU.ActiveCfg = Release|Any CPU
		{40496D07-B009-4272-AAB4-0B6A67EBA5C5}.Release|Any CPU.Build.0 = Release|Any CPU
	EndGlobalSection
	GlobalSection(SolutionProperties) = preSolution
		HideSolutionNode = FALSE
	EndGlobalSection
	GlobalSection(ExtensibilityGlobals) = postSolution
		SolutionGuid = {95CFD865-C212-4D72-A2A1-A9BCBCB64C91}
	EndGlobalSection
EndGlobal
